
Microsoft Visual Studio Solution File, Format Version 12.00
# Visual Studio 15
VisualStudioVersion = 15.0.26228.10
MinimumVisualStudioVersion = 10.0.40219.1
Project("{FAE04EC0-301F-11D3-BF4B-00C04F79EFBC}") = "Team4Clock", "Team4Clock.csproj", "{A484D65E-1BF2-4F2B-9BA8-4D21E67AAF35}"
EndProject
Project("{2150E333-8FDC-42A3-9474-1A3956D46DE8}") = "Solution Items", "Solution Items", "{183E71E3-3A27-4358-9623-AB3FC04D461F}"
EndProject
Project("{D954291E-2A0B-460D-934E-DC6B0785DB48}") = "Team4Clock.Shared", "..\Team4Clock-Shared\Team4Clock.Shared.shproj", "{016FD719-B0DE-45A3-AE37-D3017E5016A9}"
EndProject
Project("{D954291E-2A0B-460D-934E-DC6B0785DB48}") = "Team4Clock.Mobile", "Team4Clock.Mobile\Team4Clock.Mobile\Team4Clock.Mobile.shproj", "{72B6346E-646A-4696-BEF1-11DD819DCAE5}"
EndProject
Project("{FAE04EC0-301F-11D3-BF4B-00C04F79EFBC}") = "Team4Clock.Mobile.Android", "Team4Clock.Mobile\Team4Clock.Mobile.Android\Team4Clock.Mobile.Android.csproj", "{1F1FF940-B214-4261-BC66-DBE2CB4CF617}"
EndProject
Project("{FAE04EC0-301F-11D3-BF4B-00C04F79EFBC}") = "Team4Clock.Mobile.iOS", "Team4Clock.Mobile\Team4Clock.Mobile.iOS\Team4Clock.Mobile.iOS.csproj", "{B0D69F28-9CA0-43C4-8ED5-C02B467381FC}"
EndProject
Project("{FAE04EC0-301F-11D3-BF4B-00C04F79EFBC}") = "Team4Clock_Xamarin", "..\Team4Clock_Xamarin\Team4Clock_Xamarin\Team4Clock_Xamarin\Team4Clock_Xamarin.csproj", "{303F8B97-D20D-482C-BCB2-39D662DACF8B}"
EndProject
Project("{FAE04EC0-301F-11D3-BF4B-00C04F79EFBC}") = "Team4Clock_Xamarin.Android", "..\Team4Clock_Xamarin\Team4Clock_Xamarin\Team4Clock_Xamarin.Android\Team4Clock_Xamarin.Android.csproj", "{48C414C8-B4A5-4351-9DB1-54FF6948B56E}"
EndProject
Project("{FAE04EC0-301F-11D3-BF4B-00C04F79EFBC}") = "Team4Clock_Xamarin.iOS", "..\Team4Clock_Xamarin\Team4Clock_Xamarin\Team4Clock_Xamarin.iOS\Team4Clock_Xamarin.iOS.csproj", "{3D8DFABE-C71E-4EE2-A4FC-FCD2AFFEE41F}"
EndProject
Project("{FAE04EC0-301F-11D3-BF4B-00C04F79EFBC}") = "Team4Clock_Xamarin.UWP", "..\Team4Clock_Xamarin\Team4Clock_Xamarin\Team4Clock_Xamarin.UWP\Team4Clock_Xamarin.UWP.csproj", "{DA2C48C0-E5C8-4DFD-AD38-969285A0C1A3}"
EndProject
Global
	GlobalSection(SharedMSBuildProjectFiles) = preSolution
		..\Team4Clock-Shared\Team4Clock-Shared.projitems*{016fd719-b0de-45a3-ae37-d3017e5016a9}*SharedItemsImports = 13
		..\Team4Clock-Shared\Team4Clock-Shared.projitems*{1f1ff940-b214-4261-bc66-dbe2cb4cf617}*SharedItemsImports = 4
		Team4Clock.Mobile\Team4Clock.Mobile\Team4Clock.Mobile.projitems*{1f1ff940-b214-4261-bc66-dbe2cb4cf617}*SharedItemsImports = 4
		Team4Clock.Mobile\Team4Clock.Mobile\Team4Clock.Mobile.projitems*{72b6346e-646a-4696-bef1-11dd819dcae5}*SharedItemsImports = 13
		..\Team4Clock-Shared\Team4Clock-Shared.projitems*{a484d65e-1bf2-4f2b-9ba8-4d21e67aaf35}*SharedItemsImports = 4
	EndGlobalSection
	GlobalSection(SolutionConfigurationPlatforms) = preSolution
		Ad-Hoc|Any CPU = Ad-Hoc|Any CPU
		Ad-Hoc|ARM = Ad-Hoc|ARM
		Ad-Hoc|iPhone = Ad-Hoc|iPhone
		Ad-Hoc|iPhoneSimulator = Ad-Hoc|iPhoneSimulator
		Ad-Hoc|x64 = Ad-Hoc|x64
		Ad-Hoc|x86 = Ad-Hoc|x86
		AppStore|Any CPU = AppStore|Any CPU
		AppStore|ARM = AppStore|ARM
		AppStore|iPhone = AppStore|iPhone
		AppStore|iPhoneSimulator = AppStore|iPhoneSimulator
		AppStore|x64 = AppStore|x64
		AppStore|x86 = AppStore|x86
		Debug|Any CPU = Debug|Any CPU
		Debug|ARM = Debug|ARM
		Debug|iPhone = Debug|iPhone
		Debug|iPhoneSimulator = Debug|iPhoneSimulator
		Debug|x64 = Debug|x64
		Debug|x86 = Debug|x86
		Release|Any CPU = Release|Any CPU
		Release|ARM = Release|ARM
		Release|iPhone = Release|iPhone
		Release|iPhoneSimulator = Release|iPhoneSimulator
		Release|x64 = Release|x64
		Release|x86 = Release|x86
	EndGlobalSection
	GlobalSection(ProjectConfigurationPlatforms) = postSolution
		{A484D65E-1BF2-4F2B-9BA8-4D21E67AAF35}.Ad-Hoc|Any CPU.ActiveCfg = Release|Any CPU
		{A484D65E-1BF2-4F2B-9BA8-4D21E67AAF35}.Ad-Hoc|Any CPU.Build.0 = Release|Any CPU
		{A484D65E-1BF2-4F2B-9BA8-4D21E67AAF35}.Ad-Hoc|ARM.ActiveCfg = Release|Any CPU
		{A484D65E-1BF2-4F2B-9BA8-4D21E67AAF35}.Ad-Hoc|ARM.Build.0 = Release|Any CPU
		{A484D65E-1BF2-4F2B-9BA8-4D21E67AAF35}.Ad-Hoc|iPhone.ActiveCfg = Release|Any CPU
		{A484D65E-1BF2-4F2B-9BA8-4D21E67AAF35}.Ad-Hoc|iPhone.Build.0 = Release|Any CPU
		{A484D65E-1BF2-4F2B-9BA8-4D21E67AAF35}.Ad-Hoc|iPhoneSimulator.ActiveCfg = Release|Any CPU
		{A484D65E-1BF2-4F2B-9BA8-4D21E67AAF35}.Ad-Hoc|iPhoneSimulator.Build.0 = Release|Any CPU
		{A484D65E-1BF2-4F2B-9BA8-4D21E67AAF35}.Ad-Hoc|x64.ActiveCfg = Release|Any CPU
		{A484D65E-1BF2-4F2B-9BA8-4D21E67AAF35}.Ad-Hoc|x64.Build.0 = Release|Any CPU
		{A484D65E-1BF2-4F2B-9BA8-4D21E67AAF35}.Ad-Hoc|x86.ActiveCfg = Release|Any CPU
		{A484D65E-1BF2-4F2B-9BA8-4D21E67AAF35}.Ad-Hoc|x86.Build.0 = Release|Any CPU
		{A484D65E-1BF2-4F2B-9BA8-4D21E67AAF35}.AppStore|Any CPU.ActiveCfg = Release|Any CPU
		{A484D65E-1BF2-4F2B-9BA8-4D21E67AAF35}.AppStore|Any CPU.Build.0 = Release|Any CPU
		{A484D65E-1BF2-4F2B-9BA8-4D21E67AAF35}.AppStore|ARM.ActiveCfg = Release|Any CPU
		{A484D65E-1BF2-4F2B-9BA8-4D21E67AAF35}.AppStore|ARM.Build.0 = Release|Any CPU
		{A484D65E-1BF2-4F2B-9BA8-4D21E67AAF35}.AppStore|iPhone.ActiveCfg = Release|Any CPU
		{A484D65E-1BF2-4F2B-9BA8-4D21E67AAF35}.AppStore|iPhone.Build.0 = Release|Any CPU
		{A484D65E-1BF2-4F2B-9BA8-4D21E67AAF35}.AppStore|iPhoneSimulator.ActiveCfg = Release|Any CPU
		{A484D65E-1BF2-4F2B-9BA8-4D21E67AAF35}.AppStore|iPhoneSimulator.Build.0 = Release|Any CPU
		{A484D65E-1BF2-4F2B-9BA8-4D21E67AAF35}.AppStore|x64.ActiveCfg = Release|Any CPU
		{A484D65E-1BF2-4F2B-9BA8-4D21E67AAF35}.AppStore|x64.Build.0 = Release|Any CPU
		{A484D65E-1BF2-4F2B-9BA8-4D21E67AAF35}.AppStore|x86.ActiveCfg = Release|Any CPU
		{A484D65E-1BF2-4F2B-9BA8-4D21E67AAF35}.AppStore|x86.Build.0 = Release|Any CPU
		{A484D65E-1BF2-4F2B-9BA8-4D21E67AAF35}.Debug|Any CPU.ActiveCfg = Debug|Any CPU
		{A484D65E-1BF2-4F2B-9BA8-4D21E67AAF35}.Debug|Any CPU.Build.0 = Debug|Any CPU
		{A484D65E-1BF2-4F2B-9BA8-4D21E67AAF35}.Debug|ARM.ActiveCfg = Debug|Any CPU
		{A484D65E-1BF2-4F2B-9BA8-4D21E67AAF35}.Debug|ARM.Build.0 = Debug|Any CPU
		{A484D65E-1BF2-4F2B-9BA8-4D21E67AAF35}.Debug|iPhone.ActiveCfg = Debug|Any CPU
		{A484D65E-1BF2-4F2B-9BA8-4D21E67AAF35}.Debug|iPhone.Build.0 = Debug|Any CPU
		{A484D65E-1BF2-4F2B-9BA8-4D21E67AAF35}.Debug|iPhoneSimulator.ActiveCfg = Debug|Any CPU
		{A484D65E-1BF2-4F2B-9BA8-4D21E67AAF35}.Debug|iPhoneSimulator.Build.0 = Debug|Any CPU
		{A484D65E-1BF2-4F2B-9BA8-4D21E67AAF35}.Debug|x64.ActiveCfg = Debug|Any CPU
		{A484D65E-1BF2-4F2B-9BA8-4D21E67AAF35}.Debug|x64.Build.0 = Debug|Any CPU
		{A484D65E-1BF2-4F2B-9BA8-4D21E67AAF35}.Debug|x86.ActiveCfg = Debug|Any CPU
		{A484D65E-1BF2-4F2B-9BA8-4D21E67AAF35}.Debug|x86.Build.0 = Debug|Any CPU
		{A484D65E-1BF2-4F2B-9BA8-4D21E67AAF35}.Release|Any CPU.ActiveCfg = Release|Any CPU
		{A484D65E-1BF2-4F2B-9BA8-4D21E67AAF35}.Release|Any CPU.Build.0 = Release|Any CPU
		{A484D65E-1BF2-4F2B-9BA8-4D21E67AAF35}.Release|ARM.ActiveCfg = Release|Any CPU
		{A484D65E-1BF2-4F2B-9BA8-4D21E67AAF35}.Release|ARM.Build.0 = Release|Any CPU
		{A484D65E-1BF2-4F2B-9BA8-4D21E67AAF35}.Release|iPhone.ActiveCfg = Release|Any CPU
		{A484D65E-1BF2-4F2B-9BA8-4D21E67AAF35}.Release|iPhone.Build.0 = Release|Any CPU
		{A484D65E-1BF2-4F2B-9BA8-4D21E67AAF35}.Release|iPhoneSimulator.ActiveCfg = Release|Any CPU
		{A484D65E-1BF2-4F2B-9BA8-4D21E67AAF35}.Release|iPhoneSimulator.Build.0 = Release|Any CPU
		{A484D65E-1BF2-4F2B-9BA8-4D21E67AAF35}.Release|x64.ActiveCfg = Release|Any CPU
		{A484D65E-1BF2-4F2B-9BA8-4D21E67AAF35}.Release|x64.Build.0 = Release|Any CPU
		{A484D65E-1BF2-4F2B-9BA8-4D21E67AAF35}.Release|x86.ActiveCfg = Release|Any CPU
		{A484D65E-1BF2-4F2B-9BA8-4D21E67AAF35}.Release|x86.Build.0 = Release|Any CPU
		{1F1FF940-B214-4261-BC66-DBE2CB4CF617}.Ad-Hoc|Any CPU.ActiveCfg = Release|Any CPU
		{1F1FF940-B214-4261-BC66-DBE2CB4CF617}.Ad-Hoc|Any CPU.Build.0 = Release|Any CPU
		{1F1FF940-B214-4261-BC66-DBE2CB4CF617}.Ad-Hoc|Any CPU.Deploy.0 = Release|Any CPU
		{1F1FF940-B214-4261-BC66-DBE2CB4CF617}.Ad-Hoc|ARM.ActiveCfg = Release|Any CPU
		{1F1FF940-B214-4261-BC66-DBE2CB4CF617}.Ad-Hoc|ARM.Build.0 = Release|Any CPU
		{1F1FF940-B214-4261-BC66-DBE2CB4CF617}.Ad-Hoc|ARM.Deploy.0 = Release|Any CPU
		{1F1FF940-B214-4261-BC66-DBE2CB4CF617}.Ad-Hoc|iPhone.ActiveCfg = Release|Any CPU
		{1F1FF940-B214-4261-BC66-DBE2CB4CF617}.Ad-Hoc|iPhone.Build.0 = Release|Any CPU
		{1F1FF940-B214-4261-BC66-DBE2CB4CF617}.Ad-Hoc|iPhone.Deploy.0 = Release|Any CPU
		{1F1FF940-B214-4261-BC66-DBE2CB4CF617}.Ad-Hoc|iPhoneSimulator.ActiveCfg = Release|Any CPU
		{1F1FF940-B214-4261-BC66-DBE2CB4CF617}.Ad-Hoc|iPhoneSimulator.Build.0 = Release|Any CPU
		{1F1FF940-B214-4261-BC66-DBE2CB4CF617}.Ad-Hoc|iPhoneSimulator.Deploy.0 = Release|Any CPU
		{1F1FF940-B214-4261-BC66-DBE2CB4CF617}.Ad-Hoc|x64.ActiveCfg = Release|Any CPU
		{1F1FF940-B214-4261-BC66-DBE2CB4CF617}.Ad-Hoc|x64.Build.0 = Release|Any CPU
		{1F1FF940-B214-4261-BC66-DBE2CB4CF617}.Ad-Hoc|x64.Deploy.0 = Release|Any CPU
		{1F1FF940-B214-4261-BC66-DBE2CB4CF617}.Ad-Hoc|x86.ActiveCfg = Release|Any CPU
		{1F1FF940-B214-4261-BC66-DBE2CB4CF617}.Ad-Hoc|x86.Build.0 = Release|Any CPU
		{1F1FF940-B214-4261-BC66-DBE2CB4CF617}.Ad-Hoc|x86.Deploy.0 = Release|Any CPU
		{1F1FF940-B214-4261-BC66-DBE2CB4CF617}.AppStore|Any CPU.ActiveCfg = Release|Any CPU
		{1F1FF940-B214-4261-BC66-DBE2CB4CF617}.AppStore|Any CPU.Build.0 = Release|Any CPU
		{1F1FF940-B214-4261-BC66-DBE2CB4CF617}.AppStore|Any CPU.Deploy.0 = Release|Any CPU
		{1F1FF940-B214-4261-BC66-DBE2CB4CF617}.AppStore|ARM.ActiveCfg = Release|Any CPU
		{1F1FF940-B214-4261-BC66-DBE2CB4CF617}.AppStore|ARM.Build.0 = Release|Any CPU
		{1F1FF940-B214-4261-BC66-DBE2CB4CF617}.AppStore|ARM.Deploy.0 = Release|Any CPU
		{1F1FF940-B214-4261-BC66-DBE2CB4CF617}.AppStore|iPhone.ActiveCfg = Release|Any CPU
		{1F1FF940-B214-4261-BC66-DBE2CB4CF617}.AppStore|iPhone.Build.0 = Release|Any CPU
		{1F1FF940-B214-4261-BC66-DBE2CB4CF617}.AppStore|iPhone.Deploy.0 = Release|Any CPU
		{1F1FF940-B214-4261-BC66-DBE2CB4CF617}.AppStore|iPhoneSimulator.ActiveCfg = Release|Any CPU
		{1F1FF940-B214-4261-BC66-DBE2CB4CF617}.AppStore|iPhoneSimulator.Build.0 = Release|Any CPU
		{1F1FF940-B214-4261-BC66-DBE2CB4CF617}.AppStore|iPhoneSimulator.Deploy.0 = Release|Any CPU
		{1F1FF940-B214-4261-BC66-DBE2CB4CF617}.AppStore|x64.ActiveCfg = Release|Any CPU
		{1F1FF940-B214-4261-BC66-DBE2CB4CF617}.AppStore|x64.Build.0 = Release|Any CPU
		{1F1FF940-B214-4261-BC66-DBE2CB4CF617}.AppStore|x64.Deploy.0 = Release|Any CPU
		{1F1FF940-B214-4261-BC66-DBE2CB4CF617}.AppStore|x86.ActiveCfg = Release|Any CPU
		{1F1FF940-B214-4261-BC66-DBE2CB4CF617}.AppStore|x86.Build.0 = Release|Any CPU
		{1F1FF940-B214-4261-BC66-DBE2CB4CF617}.AppStore|x86.Deploy.0 = Release|Any CPU
		{1F1FF940-B214-4261-BC66-DBE2CB4CF617}.Debug|Any CPU.ActiveCfg = Debug|Any CPU
		{1F1FF940-B214-4261-BC66-DBE2CB4CF617}.Debug|Any CPU.Build.0 = Debug|Any CPU
		{1F1FF940-B214-4261-BC66-DBE2CB4CF617}.Debug|Any CPU.Deploy.0 = Debug|Any CPU
		{1F1FF940-B214-4261-BC66-DBE2CB4CF617}.Debug|ARM.ActiveCfg = Debug|Any CPU
		{1F1FF940-B214-4261-BC66-DBE2CB4CF617}.Debug|ARM.Build.0 = Debug|Any CPU
		{1F1FF940-B214-4261-BC66-DBE2CB4CF617}.Debug|ARM.Deploy.0 = Debug|Any CPU
		{1F1FF940-B214-4261-BC66-DBE2CB4CF617}.Debug|iPhone.ActiveCfg = Debug|Any CPU
		{1F1FF940-B214-4261-BC66-DBE2CB4CF617}.Debug|iPhone.Build.0 = Debug|Any CPU
		{1F1FF940-B214-4261-BC66-DBE2CB4CF617}.Debug|iPhone.Deploy.0 = Debug|Any CPU
		{1F1FF940-B214-4261-BC66-DBE2CB4CF617}.Debug|iPhoneSimulator.ActiveCfg = Debug|Any CPU
		{1F1FF940-B214-4261-BC66-DBE2CB4CF617}.Debug|iPhoneSimulator.Build.0 = Debug|Any CPU
		{1F1FF940-B214-4261-BC66-DBE2CB4CF617}.Debug|iPhoneSimulator.Deploy.0 = Debug|Any CPU
		{1F1FF940-B214-4261-BC66-DBE2CB4CF617}.Debug|x64.ActiveCfg = Debug|Any CPU
		{1F1FF940-B214-4261-BC66-DBE2CB4CF617}.Debug|x64.Build.0 = Debug|Any CPU
		{1F1FF940-B214-4261-BC66-DBE2CB4CF617}.Debug|x64.Deploy.0 = Debug|Any CPU
		{1F1FF940-B214-4261-BC66-DBE2CB4CF617}.Debug|x86.ActiveCfg = Debug|Any CPU
		{1F1FF940-B214-4261-BC66-DBE2CB4CF617}.Debug|x86.Build.0 = Debug|Any CPU
		{1F1FF940-B214-4261-BC66-DBE2CB4CF617}.Debug|x86.Deploy.0 = Debug|Any CPU
		{1F1FF940-B214-4261-BC66-DBE2CB4CF617}.Release|Any CPU.ActiveCfg = Release|Any CPU
		{1F1FF940-B214-4261-BC66-DBE2CB4CF617}.Release|Any CPU.Build.0 = Release|Any CPU
		{1F1FF940-B214-4261-BC66-DBE2CB4CF617}.Release|Any CPU.Deploy.0 = Release|Any CPU
		{1F1FF940-B214-4261-BC66-DBE2CB4CF617}.Release|ARM.ActiveCfg = Release|Any CPU
		{1F1FF940-B214-4261-BC66-DBE2CB4CF617}.Release|ARM.Build.0 = Release|Any CPU
		{1F1FF940-B214-4261-BC66-DBE2CB4CF617}.Release|ARM.Deploy.0 = Release|Any CPU
		{1F1FF940-B214-4261-BC66-DBE2CB4CF617}.Release|iPhone.ActiveCfg = Release|Any CPU
		{1F1FF940-B214-4261-BC66-DBE2CB4CF617}.Release|iPhone.Build.0 = Release|Any CPU
		{1F1FF940-B214-4261-BC66-DBE2CB4CF617}.Release|iPhone.Deploy.0 = Release|Any CPU
		{1F1FF940-B214-4261-BC66-DBE2CB4CF617}.Release|iPhoneSimulator.ActiveCfg = Release|Any CPU
		{1F1FF940-B214-4261-BC66-DBE2CB4CF617}.Release|iPhoneSimulator.Build.0 = Release|Any CPU
		{1F1FF940-B214-4261-BC66-DBE2CB4CF617}.Release|iPhoneSimulator.Deploy.0 = Release|Any CPU
		{1F1FF940-B214-4261-BC66-DBE2CB4CF617}.Release|x64.ActiveCfg = Release|Any CPU
		{1F1FF940-B214-4261-BC66-DBE2CB4CF617}.Release|x64.Build.0 = Release|Any CPU
		{1F1FF940-B214-4261-BC66-DBE2CB4CF617}.Release|x64.Deploy.0 = Release|Any CPU
		{1F1FF940-B214-4261-BC66-DBE2CB4CF617}.Release|x86.ActiveCfg = Release|Any CPU
		{1F1FF940-B214-4261-BC66-DBE2CB4CF617}.Release|x86.Build.0 = Release|Any CPU
		{1F1FF940-B214-4261-BC66-DBE2CB4CF617}.Release|x86.Deploy.0 = Release|Any CPU
		{303F8B97-D20D-482C-BCB2-39D662DACF8B}.Ad-Hoc|Any CPU.ActiveCfg = Release|Any CPU
		{303F8B97-D20D-482C-BCB2-39D662DACF8B}.Ad-Hoc|Any CPU.Build.0 = Release|Any CPU
		{303F8B97-D20D-482C-BCB2-39D662DACF8B}.Ad-Hoc|ARM.ActiveCfg = Release|Any CPU
		{303F8B97-D20D-482C-BCB2-39D662DACF8B}.Ad-Hoc|ARM.Build.0 = Release|Any CPU
		{303F8B97-D20D-482C-BCB2-39D662DACF8B}.Ad-Hoc|iPhone.ActiveCfg = Release|Any CPU
		{303F8B97-D20D-482C-BCB2-39D662DACF8B}.Ad-Hoc|iPhone.Build.0 = Release|Any CPU
		{303F8B97-D20D-482C-BCB2-39D662DACF8B}.Ad-Hoc|iPhoneSimulator.ActiveCfg = Release|Any CPU
		{303F8B97-D20D-482C-BCB2-39D662DACF8B}.Ad-Hoc|iPhoneSimulator.Build.0 = Release|Any CPU
		{303F8B97-D20D-482C-BCB2-39D662DACF8B}.Ad-Hoc|x64.ActiveCfg = Release|Any CPU
		{303F8B97-D20D-482C-BCB2-39D662DACF8B}.Ad-Hoc|x64.Build.0 = Release|Any CPU
		{303F8B97-D20D-482C-BCB2-39D662DACF8B}.Ad-Hoc|x86.ActiveCfg = Release|Any CPU
		{303F8B97-D20D-482C-BCB2-39D662DACF8B}.Ad-Hoc|x86.Build.0 = Release|Any CPU
		{303F8B97-D20D-482C-BCB2-39D662DACF8B}.AppStore|Any CPU.ActiveCfg = Release|Any CPU
		{303F8B97-D20D-482C-BCB2-39D662DACF8B}.AppStore|Any CPU.Build.0 = Release|Any CPU
		{303F8B97-D20D-482C-BCB2-39D662DACF8B}.AppStore|ARM.ActiveCfg = Release|Any CPU
		{303F8B97-D20D-482C-BCB2-39D662DACF8B}.AppStore|ARM.Build.0 = Release|Any CPU
		{303F8B97-D20D-482C-BCB2-39D662DACF8B}.AppStore|iPhone.ActiveCfg = Release|Any CPU
		{303F8B97-D20D-482C-BCB2-39D662DACF8B}.AppStore|iPhone.Build.0 = Release|Any CPU
		{303F8B97-D20D-482C-BCB2-39D662DACF8B}.AppStore|iPhoneSimulator.ActiveCfg = Release|Any CPU
		{303F8B97-D20D-482C-BCB2-39D662DACF8B}.AppStore|iPhoneSimulator.Build.0 = Release|Any CPU
		{303F8B97-D20D-482C-BCB2-39D662DACF8B}.AppStore|x64.ActiveCfg = Release|Any CPU
		{303F8B97-D20D-482C-BCB2-39D662DACF8B}.AppStore|x64.Build.0 = Release|Any CPU
		{303F8B97-D20D-482C-BCB2-39D662DACF8B}.AppStore|x86.ActiveCfg = Release|Any CPU
		{303F8B97-D20D-482C-BCB2-39D662DACF8B}.AppStore|x86.Build.0 = Release|Any CPU
		{303F8B97-D20D-482C-BCB2-39D662DACF8B}.Debug|Any CPU.ActiveCfg = Debug|Any CPU
		{303F8B97-D20D-482C-BCB2-39D662DACF8B}.Debug|Any CPU.Build.0 = Debug|Any CPU
		{303F8B97-D20D-482C-BCB2-39D662DACF8B}.Debug|ARM.ActiveCfg = Debug|Any CPU
		{303F8B97-D20D-482C-BCB2-39D662DACF8B}.Debug|ARM.Build.0 = Debug|Any CPU
		{303F8B97-D20D-482C-BCB2-39D662DACF8B}.Debug|iPhone.ActiveCfg = Debug|Any CPU
		{303F8B97-D20D-482C-BCB2-39D662DACF8B}.Debug|iPhone.Build.0 = Debug|Any CPU
		{303F8B97-D20D-482C-BCB2-39D662DACF8B}.Debug|iPhoneSimulator.ActiveCfg = Debug|Any CPU
		{303F8B97-D20D-482C-BCB2-39D662DACF8B}.Debug|iPhoneSimulator.Build.0 = Debug|Any CPU
		{303F8B97-D20D-482C-BCB2-39D662DACF8B}.Debug|x64.ActiveCfg = Debug|Any CPU
		{303F8B97-D20D-482C-BCB2-39D662DACF8B}.Debug|x64.Build.0 = Debug|Any CPU
		{303F8B97-D20D-482C-BCB2-39D662DACF8B}.Debug|x86.ActiveCfg = Debug|Any CPU
		{303F8B97-D20D-482C-BCB2-39D662DACF8B}.Debug|x86.Build.0 = Debug|Any CPU
		{303F8B97-D20D-482C-BCB2-39D662DACF8B}.Release|Any CPU.ActiveCfg = Release|Any CPU
		{303F8B97-D20D-482C-BCB2-39D662DACF8B}.Release|Any CPU.Build.0 = Release|Any CPU
		{303F8B97-D20D-482C-BCB2-39D662DACF8B}.Release|ARM.ActiveCfg = Release|Any CPU
		{303F8B97-D20D-482C-BCB2-39D662DACF8B}.Release|ARM.Build.0 = Release|Any CPU
		{303F8B97-D20D-482C-BCB2-39D662DACF8B}.Release|iPhone.ActiveCfg = Release|Any CPU
		{303F8B97-D20D-482C-BCB2-39D662DACF8B}.Release|iPhone.Build.0 = Release|Any CPU
		{303F8B97-D20D-482C-BCB2-39D662DACF8B}.Release|iPhoneSimulator.ActiveCfg = Release|Any CPU
		{303F8B97-D20D-482C-BCB2-39D662DACF8B}.Release|iPhoneSimulator.Build.0 = Release|Any CPU
		{303F8B97-D20D-482C-BCB2-39D662DACF8B}.Release|x64.ActiveCfg = Release|Any CPU
		{303F8B97-D20D-482C-BCB2-39D662DACF8B}.Release|x64.Build.0 = Release|Any CPU
		{303F8B97-D20D-482C-BCB2-39D662DACF8B}.Release|x86.ActiveCfg = Release|Any CPU
		{303F8B97-D20D-482C-BCB2-39D662DACF8B}.Release|x86.Build.0 = Release|Any CPU
		{48C414C8-B4A5-4351-9DB1-54FF6948B56E}.Ad-Hoc|Any CPU.ActiveCfg = Release|Any CPU
		{48C414C8-B4A5-4351-9DB1-54FF6948B56E}.Ad-Hoc|Any CPU.Build.0 = Release|Any CPU
		{48C414C8-B4A5-4351-9DB1-54FF6948B56E}.Ad-Hoc|Any CPU.Deploy.0 = Release|Any CPU
		{48C414C8-B4A5-4351-9DB1-54FF6948B56E}.Ad-Hoc|ARM.ActiveCfg = Release|Any CPU
		{48C414C8-B4A5-4351-9DB1-54FF6948B56E}.Ad-Hoc|ARM.Build.0 = Release|Any CPU
		{48C414C8-B4A5-4351-9DB1-54FF6948B56E}.Ad-Hoc|ARM.Deploy.0 = Release|Any CPU
		{48C414C8-B4A5-4351-9DB1-54FF6948B56E}.Ad-Hoc|iPhone.ActiveCfg = Release|Any CPU
		{48C414C8-B4A5-4351-9DB1-54FF6948B56E}.Ad-Hoc|iPhone.Build.0 = Release|Any CPU
		{48C414C8-B4A5-4351-9DB1-54FF6948B56E}.Ad-Hoc|iPhone.Deploy.0 = Release|Any CPU
		{48C414C8-B4A5-4351-9DB1-54FF6948B56E}.Ad-Hoc|iPhoneSimulator.ActiveCfg = Release|Any CPU
		{48C414C8-B4A5-4351-9DB1-54FF6948B56E}.Ad-Hoc|iPhoneSimulator.Build.0 = Release|Any CPU
		{48C414C8-B4A5-4351-9DB1-54FF6948B56E}.Ad-Hoc|iPhoneSimulator.Deploy.0 = Release|Any CPU
		{48C414C8-B4A5-4351-9DB1-54FF6948B56E}.Ad-Hoc|x64.ActiveCfg = Release|Any CPU
		{48C414C8-B4A5-4351-9DB1-54FF6948B56E}.Ad-Hoc|x64.Build.0 = Release|Any CPU
		{48C414C8-B4A5-4351-9DB1-54FF6948B56E}.Ad-Hoc|x64.Deploy.0 = Release|Any CPU
		{48C414C8-B4A5-4351-9DB1-54FF6948B56E}.Ad-Hoc|x86.ActiveCfg = Release|Any CPU
		{48C414C8-B4A5-4351-9DB1-54FF6948B56E}.Ad-Hoc|x86.Build.0 = Release|Any CPU
		{48C414C8-B4A5-4351-9DB1-54FF6948B56E}.Ad-Hoc|x86.Deploy.0 = Release|Any CPU
		{48C414C8-B4A5-4351-9DB1-54FF6948B56E}.AppStore|Any CPU.ActiveCfg = Release|Any CPU
		{48C414C8-B4A5-4351-9DB1-54FF6948B56E}.AppStore|Any CPU.Build.0 = Release|Any CPU
		{48C414C8-B4A5-4351-9DB1-54FF6948B56E}.AppStore|Any CPU.Deploy.0 = Release|Any CPU
		{48C414C8-B4A5-4351-9DB1-54FF6948B56E}.AppStore|ARM.ActiveCfg = Release|Any CPU
		{48C414C8-B4A5-4351-9DB1-54FF6948B56E}.AppStore|ARM.Build.0 = Release|Any CPU
		{48C414C8-B4A5-4351-9DB1-54FF6948B56E}.AppStore|ARM.Deploy.0 = Release|Any CPU
		{48C414C8-B4A5-4351-9DB1-54FF6948B56E}.AppStore|iPhone.ActiveCfg = Release|Any CPU
		{48C414C8-B4A5-4351-9DB1-54FF6948B56E}.AppStore|iPhone.Build.0 = Release|Any CPU
		{48C414C8-B4A5-4351-9DB1-54FF6948B56E}.AppStore|iPhone.Deploy.0 = Release|Any CPU
		{48C414C8-B4A5-4351-9DB1-54FF6948B56E}.AppStore|iPhoneSimulator.ActiveCfg = Release|Any CPU
		{48C414C8-B4A5-4351-9DB1-54FF6948B56E}.AppStore|iPhoneSimulator.Build.0 = Release|Any CPU
		{48C414C8-B4A5-4351-9DB1-54FF6948B56E}.AppStore|iPhoneSimulator.Deploy.0 = Release|Any CPU
		{48C414C8-B4A5-4351-9DB1-54FF6948B56E}.AppStore|x64.ActiveCfg = Release|Any CPU
		{48C414C8-B4A5-4351-9DB1-54FF6948B56E}.AppStore|x64.Build.0 = Release|Any CPU
		{48C414C8-B4A5-4351-9DB1-54FF6948B56E}.AppStore|x64.Deploy.0 = Release|Any CPU
		{48C414C8-B4A5-4351-9DB1-54FF6948B56E}.AppStore|x86.ActiveCfg = Release|Any CPU
		{48C414C8-B4A5-4351-9DB1-54FF6948B56E}.AppStore|x86.Build.0 = Release|Any CPU
		{48C414C8-B4A5-4351-9DB1-54FF6948B56E}.AppStore|x86.Deploy.0 = Release|Any CPU
		{48C414C8-B4A5-4351-9DB1-54FF6948B56E}.Debug|Any CPU.ActiveCfg = Debug|Any CPU
		{48C414C8-B4A5-4351-9DB1-54FF6948B56E}.Debug|Any CPU.Build.0 = Debug|Any CPU
		{48C414C8-B4A5-4351-9DB1-54FF6948B56E}.Debug|Any CPU.Deploy.0 = Debug|Any CPU
		{48C414C8-B4A5-4351-9DB1-54FF6948B56E}.Debug|ARM.ActiveCfg = Debug|Any CPU
		{48C414C8-B4A5-4351-9DB1-54FF6948B56E}.Debug|ARM.Build.0 = Debug|Any CPU
		{48C414C8-B4A5-4351-9DB1-54FF6948B56E}.Debug|ARM.Deploy.0 = Debug|Any CPU
		{48C414C8-B4A5-4351-9DB1-54FF6948B56E}.Debug|iPhone.ActiveCfg = Debug|Any CPU
		{48C414C8-B4A5-4351-9DB1-54FF6948B56E}.Debug|iPhone.Build.0 = Debug|Any CPU
		{48C414C8-B4A5-4351-9DB1-54FF6948B56E}.Debug|iPhone.Deploy.0 = Debug|Any CPU
		{48C414C8-B4A5-4351-9DB1-54FF6948B56E}.Debug|iPhoneSimulator.ActiveCfg = Debug|Any CPU
		{48C414C8-B4A5-4351-9DB1-54FF6948B56E}.Debug|iPhoneSimulator.Build.0 = Debug|Any CPU
		{48C414C8-B4A5-4351-9DB1-54FF6948B56E}.Debug|iPhoneSimulator.Deploy.0 = Debug|Any CPU
		{48C414C8-B4A5-4351-9DB1-54FF6948B56E}.Debug|x64.ActiveCfg = Debug|Any CPU
		{48C414C8-B4A5-4351-9DB1-54FF6948B56E}.Debug|x64.Build.0 = Debug|Any CPU
		{48C414C8-B4A5-4351-9DB1-54FF6948B56E}.Debug|x64.Deploy.0 = Debug|Any CPU
		{48C414C8-B4A5-4351-9DB1-54FF6948B56E}.Debug|x86.ActiveCfg = Debug|Any CPU
		{48C414C8-B4A5-4351-9DB1-54FF6948B56E}.Debug|x86.Build.0 = Debug|Any CPU
		{48C414C8-B4A5-4351-9DB1-54FF6948B56E}.Debug|x86.Deploy.0 = Debug|Any CPU
		{48C414C8-B4A5-4351-9DB1-54FF6948B56E}.Release|Any CPU.ActiveCfg = Release|Any CPU
		{48C414C8-B4A5-4351-9DB1-54FF6948B56E}.Release|Any CPU.Build.0 = Release|Any CPU
		{48C414C8-B4A5-4351-9DB1-54FF6948B56E}.Release|Any CPU.Deploy.0 = Release|Any CPU
		{48C414C8-B4A5-4351-9DB1-54FF6948B56E}.Release|ARM.ActiveCfg = Release|Any CPU
		{48C414C8-B4A5-4351-9DB1-54FF6948B56E}.Release|ARM.Build.0 = Release|Any CPU
		{48C414C8-B4A5-4351-9DB1-54FF6948B56E}.Release|ARM.Deploy.0 = Release|Any CPU
		{48C414C8-B4A5-4351-9DB1-54FF6948B56E}.Release|iPhone.ActiveCfg = Release|Any CPU
		{48C414C8-B4A5-4351-9DB1-54FF6948B56E}.Release|iPhone.Build.0 = Release|Any CPU
		{48C414C8-B4A5-4351-9DB1-54FF6948B56E}.Release|iPhone.Deploy.0 = Release|Any CPU
		{48C414C8-B4A5-4351-9DB1-54FF6948B56E}.Release|iPhoneSimulator.ActiveCfg = Release|Any CPU
		{48C414C8-B4A5-4351-9DB1-54FF6948B56E}.Release|iPhoneSimulator.Build.0 = Release|Any CPU
		{48C414C8-B4A5-4351-9DB1-54FF6948B56E}.Release|iPhoneSimulator.Deploy.0 = Release|Any CPU
		{48C414C8-B4A5-4351-9DB1-54FF6948B56E}.Release|x64.ActiveCfg = Release|Any CPU
		{48C414C8-B4A5-4351-9DB1-54FF6948B56E}.Release|x64.Build.0 = Release|Any CPU
		{48C414C8-B4A5-4351-9DB1-54FF6948B56E}.Release|x64.Deploy.0 = Release|Any CPU
		{48C414C8-B4A5-4351-9DB1-54FF6948B56E}.Release|x86.ActiveCfg = Release|Any CPU
		{48C414C8-B4A5-4351-9DB1-54FF6948B56E}.Release|x86.Build.0 = Release|Any CPU
		{48C414C8-B4A5-4351-9DB1-54FF6948B56E}.Release|x86.Deploy.0 = Release|Any CPU
		{3D8DFABE-C71E-4EE2-A4FC-FCD2AFFEE41F}.Ad-Hoc|Any CPU.ActiveCfg = Ad-Hoc|iPhone
		{3D8DFABE-C71E-4EE2-A4FC-FCD2AFFEE41F}.Ad-Hoc|ARM.ActiveCfg = Ad-Hoc|iPhone
		{3D8DFABE-C71E-4EE2-A4FC-FCD2AFFEE41F}.Ad-Hoc|iPhone.ActiveCfg = Ad-Hoc|iPhone
		{3D8DFABE-C71E-4EE2-A4FC-FCD2AFFEE41F}.Ad-Hoc|iPhone.Build.0 = Ad-Hoc|iPhone
		{3D8DFABE-C71E-4EE2-A4FC-FCD2AFFEE41F}.Ad-Hoc|iPhoneSimulator.ActiveCfg = Ad-Hoc|iPhoneSimulator
		{3D8DFABE-C71E-4EE2-A4FC-FCD2AFFEE41F}.Ad-Hoc|iPhoneSimulator.Build.0 = Ad-Hoc|iPhoneSimulator
		{3D8DFABE-C71E-4EE2-A4FC-FCD2AFFEE41F}.Ad-Hoc|x64.ActiveCfg = Ad-Hoc|iPhone
		{3D8DFABE-C71E-4EE2-A4FC-FCD2AFFEE41F}.Ad-Hoc|x86.ActiveCfg = Ad-Hoc|iPhone
		{3D8DFABE-C71E-4EE2-A4FC-FCD2AFFEE41F}.AppStore|Any CPU.ActiveCfg = AppStore|iPhone
		{3D8DFABE-C71E-4EE2-A4FC-FCD2AFFEE41F}.AppStore|ARM.ActiveCfg = AppStore|iPhone
		{3D8DFABE-C71E-4EE2-A4FC-FCD2AFFEE41F}.AppStore|iPhone.ActiveCfg = AppStore|iPhone
		{3D8DFABE-C71E-4EE2-A4FC-FCD2AFFEE41F}.AppStore|iPhone.Build.0 = AppStore|iPhone
		{3D8DFABE-C71E-4EE2-A4FC-FCD2AFFEE41F}.AppStore|iPhoneSimulator.ActiveCfg = AppStore|iPhoneSimulator
		{3D8DFABE-C71E-4EE2-A4FC-FCD2AFFEE41F}.AppStore|iPhoneSimulator.Build.0 = AppStore|iPhoneSimulator
		{3D8DFABE-C71E-4EE2-A4FC-FCD2AFFEE41F}.AppStore|x64.ActiveCfg = AppStore|iPhone
		{3D8DFABE-C71E-4EE2-A4FC-FCD2AFFEE41F}.AppStore|x86.ActiveCfg = AppStore|iPhone
		{3D8DFABE-C71E-4EE2-A4FC-FCD2AFFEE41F}.Debug|Any CPU.ActiveCfg = Debug|iPhone
		{3D8DFABE-C71E-4EE2-A4FC-FCD2AFFEE41F}.Debug|ARM.ActiveCfg = Debug|iPhone
		{3D8DFABE-C71E-4EE2-A4FC-FCD2AFFEE41F}.Debug|iPhone.ActiveCfg = Debug|iPhone
		{3D8DFABE-C71E-4EE2-A4FC-FCD2AFFEE41F}.Debug|iPhone.Build.0 = Debug|iPhone
		{3D8DFABE-C71E-4EE2-A4FC-FCD2AFFEE41F}.Debug|iPhoneSimulator.ActiveCfg = Debug|iPhoneSimulator
		{3D8DFABE-C71E-4EE2-A4FC-FCD2AFFEE41F}.Debug|iPhoneSimulator.Build.0 = Debug|iPhoneSimulator
		{3D8DFABE-C71E-4EE2-A4FC-FCD2AFFEE41F}.Debug|x64.ActiveCfg = Debug|iPhone
		{3D8DFABE-C71E-4EE2-A4FC-FCD2AFFEE41F}.Debug|x86.ActiveCfg = Debug|iPhone
		{3D8DFABE-C71E-4EE2-A4FC-FCD2AFFEE41F}.Release|Any CPU.ActiveCfg = Release|iPhone
		{3D8DFABE-C71E-4EE2-A4FC-FCD2AFFEE41F}.Release|ARM.ActiveCfg = Release|iPhone
		{3D8DFABE-C71E-4EE2-A4FC-FCD2AFFEE41F}.Release|iPhone.ActiveCfg = Release|iPhone
		{3D8DFABE-C71E-4EE2-A4FC-FCD2AFFEE41F}.Release|iPhone.Build.0 = Release|iPhone
		{3D8DFABE-C71E-4EE2-A4FC-FCD2AFFEE41F}.Release|iPhoneSimulator.ActiveCfg = Release|iPhoneSimulator
		{3D8DFABE-C71E-4EE2-A4FC-FCD2AFFEE41F}.Release|iPhoneSimulator.Build.0 = Release|iPhoneSimulator
		{3D8DFABE-C71E-4EE2-A4FC-FCD2AFFEE41F}.Release|x64.ActiveCfg = Release|iPhone
		{3D8DFABE-C71E-4EE2-A4FC-FCD2AFFEE41F}.Release|x86.ActiveCfg = Release|iPhone
		{DA2C48C0-E5C8-4DFD-AD38-969285A0C1A3}.Ad-Hoc|Any CPU.ActiveCfg = Release|x86
		{DA2C48C0-E5C8-4DFD-AD38-969285A0C1A3}.Ad-Hoc|Any CPU.Build.0 = Release|x86
		{DA2C48C0-E5C8-4DFD-AD38-969285A0C1A3}.Ad-Hoc|Any CPU.Deploy.0 = Release|x86
		{DA2C48C0-E5C8-4DFD-AD38-969285A0C1A3}.Ad-Hoc|ARM.ActiveCfg = Release|ARM
		{DA2C48C0-E5C8-4DFD-AD38-969285A0C1A3}.Ad-Hoc|ARM.Build.0 = Release|ARM
		{DA2C48C0-E5C8-4DFD-AD38-969285A0C1A3}.Ad-Hoc|ARM.Deploy.0 = Release|ARM
		{DA2C48C0-E5C8-4DFD-AD38-969285A0C1A3}.Ad-Hoc|iPhone.ActiveCfg = Release|x86
		{DA2C48C0-E5C8-4DFD-AD38-969285A0C1A3}.Ad-Hoc|iPhone.Build.0 = Release|x86
		{DA2C48C0-E5C8-4DFD-AD38-969285A0C1A3}.Ad-Hoc|iPhone.Deploy.0 = Release|x86
		{DA2C48C0-E5C8-4DFD-AD38-969285A0C1A3}.Ad-Hoc|iPhoneSimulator.ActiveCfg = Release|x86
		{DA2C48C0-E5C8-4DFD-AD38-969285A0C1A3}.Ad-Hoc|iPhoneSimulator.Build.0 = Release|x86
		{DA2C48C0-E5C8-4DFD-AD38-969285A0C1A3}.Ad-Hoc|iPhoneSimulator.Deploy.0 = Release|x86
		{DA2C48C0-E5C8-4DFD-AD38-969285A0C1A3}.Ad-Hoc|x64.ActiveCfg = Release|x64
		{DA2C48C0-E5C8-4DFD-AD38-969285A0C1A3}.Ad-Hoc|x64.Build.0 = Release|x64
		{DA2C48C0-E5C8-4DFD-AD38-969285A0C1A3}.Ad-Hoc|x64.Deploy.0 = Release|x64
		{DA2C48C0-E5C8-4DFD-AD38-969285A0C1A3}.Ad-Hoc|x86.ActiveCfg = Release|x86
		{DA2C48C0-E5C8-4DFD-AD38-969285A0C1A3}.Ad-Hoc|x86.Build.0 = Release|x86
		{DA2C48C0-E5C8-4DFD-AD38-969285A0C1A3}.Ad-Hoc|x86.Deploy.0 = Release|x86
		{DA2C48C0-E5C8-4DFD-AD38-969285A0C1A3}.AppStore|Any CPU.ActiveCfg = Release|x86
		{DA2C48C0-E5C8-4DFD-AD38-969285A0C1A3}.AppStore|Any CPU.Build.0 = Release|x86
		{DA2C48C0-E5C8-4DFD-AD38-969285A0C1A3}.AppStore|Any CPU.Deploy.0 = Release|x86
		{DA2C48C0-E5C8-4DFD-AD38-969285A0C1A3}.AppStore|ARM.ActiveCfg = Release|ARM
		{DA2C48C0-E5C8-4DFD-AD38-969285A0C1A3}.AppStore|ARM.Build.0 = Release|ARM
		{DA2C48C0-E5C8-4DFD-AD38-969285A0C1A3}.AppStore|ARM.Deploy.0 = Release|ARM
		{DA2C48C0-E5C8-4DFD-AD38-969285A0C1A3}.AppStore|iPhone.ActiveCfg = Release|x86
		{DA2C48C0-E5C8-4DFD-AD38-969285A0C1A3}.AppStore|iPhone.Build.0 = Release|x86
		{DA2C48C0-E5C8-4DFD-AD38-969285A0C1A3}.AppStore|iPhone.Deploy.0 = Release|x86
		{DA2C48C0-E5C8-4DFD-AD38-969285A0C1A3}.AppStore|iPhoneSimulator.ActiveCfg = Release|x86
		{DA2C48C0-E5C8-4DFD-AD38-969285A0C1A3}.AppStore|iPhoneSimulator.Build.0 = Release|x86
		{DA2C48C0-E5C8-4DFD-AD38-969285A0C1A3}.AppStore|iPhoneSimulator.Deploy.0 = Release|x86
		{DA2C48C0-E5C8-4DFD-AD38-969285A0C1A3}.AppStore|x64.ActiveCfg = Release|x64
		{DA2C48C0-E5C8-4DFD-AD38-969285A0C1A3}.AppStore|x64.Build.0 = Release|x64
		{DA2C48C0-E5C8-4DFD-AD38-969285A0C1A3}.AppStore|x64.Deploy.0 = Release|x64
		{DA2C48C0-E5C8-4DFD-AD38-969285A0C1A3}.AppStore|x86.ActiveCfg = Release|x86
		{DA2C48C0-E5C8-4DFD-AD38-969285A0C1A3}.AppStore|x86.Build.0 = Release|x86
		{DA2C48C0-E5C8-4DFD-AD38-969285A0C1A3}.AppStore|x86.Deploy.0 = Release|x86
		{DA2C48C0-E5C8-4DFD-AD38-969285A0C1A3}.Debug|Any CPU.ActiveCfg = Debug|x86
		{DA2C48C0-E5C8-4DFD-AD38-969285A0C1A3}.Debug|ARM.ActiveCfg = Debug|ARM
		{DA2C48C0-E5C8-4DFD-AD38-969285A0C1A3}.Debug|ARM.Build.0 = Debug|ARM
		{DA2C48C0-E5C8-4DFD-AD38-969285A0C1A3}.Debug|ARM.Deploy.0 = Debug|ARM
		{DA2C48C0-E5C8-4DFD-AD38-969285A0C1A3}.Debug|iPhone.ActiveCfg = Debug|x86
		{DA2C48C0-E5C8-4DFD-AD38-969285A0C1A3}.Debug|iPhoneSimulator.ActiveCfg = Debug|x86
		{DA2C48C0-E5C8-4DFD-AD38-969285A0C1A3}.Debug|x64.ActiveCfg = Debug|x64
		{DA2C48C0-E5C8-4DFD-AD38-969285A0C1A3}.Debug|x64.Build.0 = Debug|x64
		{DA2C48C0-E5C8-4DFD-AD38-969285A0C1A3}.Debug|x64.Deploy.0 = Debug|x64
		{DA2C48C0-E5C8-4DFD-AD38-969285A0C1A3}.Debug|x86.ActiveCfg = Debug|x86
		{DA2C48C0-E5C8-4DFD-AD38-969285A0C1A3}.Debug|x86.Build.0 = Debug|x86
		{DA2C48C0-E5C8-4DFD-AD38-969285A0C1A3}.Debug|x86.Deploy.0 = Debug|x86
		{DA2C48C0-E5C8-4DFD-AD38-969285A0C1A3}.Release|Any CPU.ActiveCfg = Release|x86
		{DA2C48C0-E5C8-4DFD-AD38-969285A0C1A3}.Release|ARM.ActiveCfg = Release|ARM
		{DA2C48C0-E5C8-4DFD-AD38-969285A0C1A3}.Release|ARM.Build.0 = Release|ARM
		{DA2C48C0-E5C8-4DFD-AD38-969285A0C1A3}.Release|ARM.Deploy.0 = Release|ARM
		{DA2C48C0-E5C8-4DFD-AD38-969285A0C1A3}.Release|iPhone.ActiveCfg = Release|x86
		{DA2C48C0-E5C8-4DFD-AD38-969285A0C1A3}.Release|iPhoneSimulator.ActiveCfg = Release|x86
		{DA2C48C0-E5C8-4DFD-AD38-969285A0C1A3}.Release|x64.ActiveCfg = Release|x64
		{DA2C48C0-E5C8-4DFD-AD38-969285A0C1A3}.Release|x64.Build.0 = Release|x64
		{DA2C48C0-E5C8-4DFD-AD38-969285A0C1A3}.Release|x64.Deploy.0 = Release|x64
		{DA2C48C0-E5C8-4DFD-AD38-969285A0C1A3}.Release|x86.ActiveCfg = Release|x86
		{DA2C48C0-E5C8-4DFD-AD38-969285A0C1A3}.Release|x86.Build.0 = Release|x86
		{DA2C48C0-E5C8-4DFD-AD38-969285A0C1A3}.Release|x86.Deploy.0 = Release|x86
	EndGlobalSection
	GlobalSection(SolutionProperties) = preSolution
		HideSolutionNode = FALSE
	EndGlobalSection
EndGlobal
